
Microsoft Visual Studio Solution File, Format Version 12.00
# Visual Studio Version 17
VisualStudioVersion = 17.13.35806.99
MinimumVisualStudioVersion = 10.0.40219.1
Project("{FAE04EC0-301F-11D3-BF4B-00C04F79EFBC}") = "INF2011S_Project_Group22", "INF2011S_Project_Group22\INF2011S_Project_Group22.csproj", "{2D2AD29A-8D56-43DF-8190-869E71738AF3}"
EndProject
Global
	GlobalSection(SolutionConfigurationPlatforms) = preSolution
		Debug|Any CPU = Debug|Any CPU
		Release|Any CPU = Release|Any CPU
	EndGlobalSection
	GlobalSection(ProjectConfigurationPlatforms) = postSolution
		{2D2AD29A-8D56-43DF-8190-869E71738AF3}.Debug|Any CPU.ActiveCfg = Debug|Any CPU
		{2D2AD29A-8D56-43DF-8190-869E71738AF3}.Debug|Any CPU.Build.0 = Debug|Any CPU
		{2D2AD29A-8D56-43DF-8190-869E71738AF3}.Release|Any CPU.ActiveCfg = Release|Any CPU
		{2D2AD29A-8D56-43DF-8190-869E71738AF3}.Release|Any CPU.Build.0 = Release|Any CPU
	EndGlobalSection
	GlobalSection(SolutionProperties) = preSolution
		HideSolutionNode = FALSE
	EndGlobalSection
	GlobalSection(ExtensibilityGlobals) = postSolution
		SolutionGuid = {FF56D5C4-A487-46E6-AE3C-EFA8495004B8}
	EndGlobalSection
EndGlobal
